
Microsoft Visual Studio Solution File, Format Version 12.00
# Visual Studio Version 17
VisualStudioVersion = 17.10.34928.147
MinimumVisualStudioVersion = 10.0.40219.1
Project("{FAE04EC0-301F-11D3-BF4B-00C04F79EFBC}") = "Lab03-NguyenLeVienMinh-IdentityAjax-ASP.NETCoreWebAPI", "Lab03-NguyenLeVienMinh-IdentityAjax-ASP.NETCoreWebAPI\Lab03-NguyenLeVienMinh-IdentityAjax-ASP.NETCoreWebAPI.csproj", "{1B3EB3E5-4893-48A1-9710-4445BF00AD36}"
EndProject
Project("{FAE04EC0-301F-11D3-BF4B-00C04F79EFBC}") = "BusinessObjects", "BusinessObjects\BusinessObjects.csproj", "{ED5AAF32-D421-49F3-A690-5E6B6F73642F}"
EndProject
Project("{FAE04EC0-301F-11D3-BF4B-00C04F79EFBC}") = "Repositories", "Repositories\Repositories.csproj", "{EE9E77AD-9019-4BC7-9D50-921115534695}"
EndProject
Project("{FAE04EC0-301F-11D3-BF4B-00C04F79EFBC}") = "Services", "Services\Services.csproj", "{D4DC9820-71BB-4CC1-8297-0062B75D1740}"
EndProject
Global
	GlobalSection(SolutionConfigurationPlatforms) = preSolution
		Debug|Any CPU = Debug|Any CPU
		Release|Any CPU = Release|Any CPU
	EndGlobalSection
	GlobalSection(ProjectConfigurationPlatforms) = postSolution
		{1B3EB3E5-4893-48A1-9710-4445BF00AD36}.Debug|Any CPU.ActiveCfg = Debug|Any CPU
		{1B3EB3E5-4893-48A1-9710-4445BF00AD36}.Debug|Any CPU.Build.0 = Debug|Any CPU
		{1B3EB3E5-4893-48A1-9710-4445BF00AD36}.Release|Any CPU.ActiveCfg = Release|Any CPU
		{1B3EB3E5-4893-48A1-9710-4445BF00AD36}.Release|Any CPU.Build.0 = Release|Any CPU
		{ED5AAF32-D421-49F3-A690-5E6B6F73642F}.Debug|Any CPU.ActiveCfg = Debug|Any CPU
		{ED5AAF32-D421-49F3-A690-5E6B6F73642F}.Debug|Any CPU.Build.0 = Debug|Any CPU
		{ED5AAF32-D421-49F3-A690-5E6B6F73642F}.Release|Any CPU.ActiveCfg = Release|Any CPU
		{ED5AAF32-D421-49F3-A690-5E6B6F73642F}.Release|Any CPU.Build.0 = Release|Any CPU
		{EE9E77AD-9019-4BC7-9D50-921115534695}.Debug|Any CPU.ActiveCfg = Debug|Any CPU
		{EE9E77AD-9019-4BC7-9D50-921115534695}.Debug|Any CPU.Build.0 = Debug|Any CPU
		{EE9E77AD-9019-4BC7-9D50-921115534695}.Release|Any CPU.ActiveCfg = Release|Any CPU
		{EE9E77AD-9019-4BC7-9D50-921115534695}.Release|Any CPU.Build.0 = Release|Any CPU
		{D4DC9820-71BB-4CC1-8297-0062B75D1740}.Debug|Any CPU.ActiveCfg = Debug|Any CPU
		{D4DC9820-71BB-4CC1-8297-0062B75D1740}.Debug|Any CPU.Build.0 = Debug|Any CPU
		{D4DC9820-71BB-4CC1-8297-0062B75D1740}.Release|Any CPU.ActiveCfg = Release|Any CPU
		{D4DC9820-71BB-4CC1-8297-0062B75D1740}.Release|Any CPU.Build.0 = Release|Any CPU
	EndGlobalSection
	GlobalSection(SolutionProperties) = preSolution
		HideSolutionNode = FALSE
	EndGlobalSection
	GlobalSection(ExtensibilityGlobals) = postSolution
		SolutionGuid = {66563BEC-2826-480E-887E-D3ACD810AD08}
	EndGlobalSection
EndGlobal
